
Microsoft Visual Studio Solution File, Format Version 12.00
Project("{FAE04EC0-301F-11D3-BF4B-00C04F79EFBC}") = "Lab02", "Lab02\Lab02.csproj", "{DE92869C-80FB-4CED-A700-3F287498F203}"
EndProject
Global
	GlobalSection(SolutionConfigurationPlatforms) = preSolution
		Debug|Any CPU = Debug|Any CPU
		Release|Any CPU = Release|Any CPU
	EndGlobalSection
	GlobalSection(ProjectConfigurationPlatforms) = postSolution
		{DE92869C-80FB-4CED-A700-3F287498F203}.Debug|Any CPU.ActiveCfg = Debug|Any CPU
		{DE92869C-80FB-4CED-A700-3F287498F203}.Debug|Any CPU.Build.0 = Debug|Any CPU
		{DE92869C-80FB-4CED-A700-3F287498F203}.Release|Any CPU.ActiveCfg = Release|Any CPU
		{DE92869C-80FB-4CED-A700-3F287498F203}.Release|Any CPU.Build.0 = Release|Any CPU
	EndGlobalSection
EndGlobal
